
Microsoft Visual Studio Solution File, Format Version 12.00
# Visual Studio Version 17
VisualStudioVersion = 17.0.31903.59
MinimumVisualStudioVersion = 10.0.40219.1
Project("{2150E333-8FDC-42A3-9474-1A3956D46DE8}") = "src", "src", "{A52FBB54-BC78-4E13-8C74-51403FF84104}"
EndProject
Project("{FAE04EC0-301F-11D3-BF4B-00C04F79EFBC}") = "ZFood.Core", "src\ZFood.Core\ZFood.Core.csproj", "{B3A31132-2159-468E-9F39-0CF72B226E1D}"
EndProject
Project("{FAE04EC0-301F-11D3-BF4B-00C04F79EFBC}") = "ZFood.App", "src\ZFood.App\ZFood.App.csproj", "{8DC80487-3403-4294-890B-2DC49CF90765}"
EndProject
Project("{2150E333-8FDC-42A3-9474-1A3956D46DE8}") = "tests", "tests", "{4C5131EE-04CA-4884-88F0-8D9004D47014}"
EndProject
Project("{FAE04EC0-301F-11D3-BF4B-00C04F79EFBC}") = "ZFood.Tests", "tests\ZFood.Tests\ZFood.Tests.csproj", "{9DF7D11B-657F-4B1C-822E-CD812CCAF6B2}"
EndProject
Global
	GlobalSection(SolutionConfigurationPlatforms) = preSolution
		Debug|Any CPU = Debug|Any CPU
		Release|Any CPU = Release|Any CPU
	EndGlobalSection
	GlobalSection(SolutionProperties) = preSolution
		HideSolutionNode = FALSE
	EndGlobalSection
	GlobalSection(ProjectConfigurationPlatforms) = postSolution
		{B3A31132-2159-468E-9F39-0CF72B226E1D}.Debug|Any CPU.ActiveCfg = Debug|Any CPU
		{B3A31132-2159-468E-9F39-0CF72B226E1D}.Debug|Any CPU.Build.0 = Debug|Any CPU
		{B3A31132-2159-468E-9F39-0CF72B226E1D}.Release|Any CPU.ActiveCfg = Release|Any CPU
		{B3A31132-2159-468E-9F39-0CF72B226E1D}.Release|Any CPU.Build.0 = Release|Any CPU
		{8DC80487-3403-4294-890B-2DC49CF90765}.Debug|Any CPU.ActiveCfg = Debug|Any CPU
		{8DC80487-3403-4294-890B-2DC49CF90765}.Debug|Any CPU.Build.0 = Debug|Any CPU
		{8DC80487-3403-4294-890B-2DC49CF90765}.Release|Any CPU.ActiveCfg = Release|Any CPU
		{8DC80487-3403-4294-890B-2DC49CF90765}.Release|Any CPU.Build.0 = Release|Any CPU
		{9DF7D11B-657F-4B1C-822E-CD812CCAF6B2}.Debug|Any CPU.ActiveCfg = Debug|Any CPU
		{9DF7D11B-657F-4B1C-822E-CD812CCAF6B2}.Debug|Any CPU.Build.0 = Debug|Any CPU
		{9DF7D11B-657F-4B1C-822E-CD812CCAF6B2}.Release|Any CPU.ActiveCfg = Release|Any CPU
		{9DF7D11B-657F-4B1C-822E-CD812CCAF6B2}.Release|Any CPU.Build.0 = Release|Any CPU
	EndGlobalSection
	GlobalSection(NestedProjects) = preSolution
		{B3A31132-2159-468E-9F39-0CF72B226E1D} = {A52FBB54-BC78-4E13-8C74-51403FF84104}
		{8DC80487-3403-4294-890B-2DC49CF90765} = {A52FBB54-BC78-4E13-8C74-51403FF84104}
		{9DF7D11B-657F-4B1C-822E-CD812CCAF6B2} = {4C5131EE-04CA-4884-88F0-8D9004D47014}
	EndGlobalSection
EndGlobal
